
Microsoft Visual Studio Solution File, Format Version 12.00
# Visual Studio 15
VisualStudioVersion = 15.0.27130.2036
MinimumVisualStudioVersion = 10.0.40219.1
Project("{9A19103F-16F7-4668-BE54-9A1E7A4F7556}") = "StairSupplies", "StairSupplies\StairSupplies.csproj", "{00AE244E-0F72-4D5D-9DC8-F52EDCBA1244}"
EndProject
Global
	GlobalSection(SolutionConfigurationPlatforms) = preSolution
		Debug|Any CPU = Debug|Any CPU
		Release|Any CPU = Release|Any CPU
	EndGlobalSection
	GlobalSection(ProjectConfigurationPlatforms) = postSolution
		{00AE244E-0F72-4D5D-9DC8-F52EDCBA1244}.Debug|Any CPU.ActiveCfg = Debug|Any CPU
		{00AE244E-0F72-4D5D-9DC8-F52EDCBA1244}.Debug|Any CPU.Build.0 = Debug|Any CPU
		{00AE244E-0F72-4D5D-9DC8-F52EDCBA1244}.Release|Any CPU.ActiveCfg = Release|Any CPU
		{00AE244E-0F72-4D5D-9DC8-F52EDCBA1244}.Release|Any CPU.Build.0 = Release|Any CPU
	EndGlobalSection
	GlobalSection(SolutionProperties) = preSolution
		HideSolutionNode = FALSE
	EndGlobalSection
	GlobalSection(ExtensibilityGlobals) = postSolution
		SolutionGuid = {09CF56C3-2916-4F2E-94BC-8A139C37B143}
	EndGlobalSection
EndGlobal
